version: 1
sourceHash: sha256:4da1dd2474443ca903efc20d3c3cc9caff49b3c2fc7e9a1e38c12342f57391b0
images:
    ubuntu:22.04: sha256:3b06811b2afd352be909dd088a004166d665dc76d38b13eada33522a9d915c6f
cuda:
    sm_87:
        board: NVIDIA Jetson Orin
        cudaVersion: "12.6"
        index: https://pypi.jetson-ai-lab.io/jp6/cu126/
        runtime:
            - nvidia-cuda-runtime-cu12
            - nvidia-cuda-nvrtc-cu12
            - nvidia-cuda-cupti-cu12
            - nvidia-cublas-cu12
            - nvidia-cudnn-cu12
            - nvidia-cufft-cu12
            - nvidia-curand-cu12
            - nvidia-cusolver-cu12
            - nvidia-cusparse-cu12
            - nvidia-cusparselt-cu12
            - nvidia-nccl-cu12
            - nvidia-nvtx-cu12
            - nvidia-nvjitlink-cu12
        libDir: /opt/cuda12/lib
